# This file is generated by running "yarn install" inside your project.
# Manual changes might be lost - proceed with caution!

__metadata:
  version: 10
  cacheKey: 10c0

"@biomejs/biome@npm:2.5.7":
  version: 2.5.7
  resolution: "@biomejs/biome@npm:2.5.7"
  dependencies:
    "@biomejs/cli-darwin-arm64": "npm:2.5.7"
    "@biomejs/cli-darwin-x64": "npm:2.5.7"
    "@biomejs/cli-linux-arm64": "npm:2.5.7"
    "@biomejs/cli-linux-arm64-musl": "npm:2.5.7"
    "@biomejs/cli-linux-x64": "npm:2.5.7"
    "@biomejs/cli-linux-x64-musl": "npm:2.5.7"
    "@biomejs/cli-win32-arm64": "npm:2.5.7"
    "@biomejs/cli-win32-x64": "npm:2.5.7"
  dependenciesMeta:
    "@biomejs/cli-darwin-arm64":
      optional: true
    "@biomejs/cli-darwin-x64":
      optional: true
    "@biomejs/cli-linux-arm64":
      optional: true
    "@biomejs/cli-linux-arm64-musl":
      optional: true
    "@biomejs/cli-linux-x64":
      optional: true
    "@biomejs/cli-linux-x64-musl":
      optional: true
    "@biomejs/cli-win32-arm64":
      optional: true
    "@biomejs/cli-win32-x64":
      optional: true
  bin:
    biome: bin/biome
  checksum: 10c0/0bd166c170f9cf01642a87636e6e3c2bf06fde913f6b678d8d77acdbdd3c03cdefff62d4d0b3957503e063e35e27d98edf176ec4745d88dff0bea314d43ee0e2
  languageName: node
  linkType: hard

"@biomejs/cli-darwin-arm64@npm:2.5.7":
  version: 2.5.7
  resolution: "@biomejs/cli-darwin-arm64@npm:2.5.7"
  conditions: os=darwin & cpu=arm64
  languageName: node
  linkType: hard

"@biomejs/cli-darwin-x64@npm:2.5.7":
  version: 2.5.7
  resolution: "@biomejs/cli-darwin-x64@npm:2.5.7"
  conditions: os=darwin & cpu=x64
  languageName: node
  linkType: hard

"@biomejs/cli-linux-arm64-musl@npm:2.5.7":
  version: 2.5.7
  resolution: "@biomejs/cli-linux-arm64-musl@npm:2.5.7"
  conditions: os=linux & cpu=arm64 & libc=musl
  languageName: node
  linkType: hard

"@biomejs/cli-linux-arm64@npm:2.5.7":
  version: 2.5.7
  resolution: "@biomejs/cli-linux-arm64@npm:2.5.7"
  conditions: os=linux & cpu=arm64 & libc=glibc
  languageName: node
  linkType: hard

"@biomejs/cli-linux-x64-musl@npm:2.5.7":
  version: 2.5.7
  resolution: "@biomejs/cli-linux-x64-musl@npm:2.5.7"
  conditions: os=linux & cpu=x64 & libc=musl
  languageName: node
  linkType: hard

"@biomejs/cli-linux-x64@npm:2.5.7":
  version: 2.5.7
  resolution: "@biomejs/cli-linux-x64@npm:2.5.7"
  conditions: os=linux & cpu=x64 & libc=glibc
  languageName: node
  linkType: hard

"@biomejs/cli-win32-arm64@npm:2.5.7":
  version: 2.5.7
  resolution: "@biomejs/cli-win32-arm64@npm:2.5.7"
  conditions: os=win32 & cpu=arm64
  languageName: node
  linkType: hard

"@biomejs/cli-win32-x64@npm:2.5.7":
  version: 2.5.7
  resolution: "@biomejs/cli-win32-x64@npm:2.5.7"
  conditions: os=win32 & cpu=x64
  languageName: node
  linkType: hard

"@emnapi/core@npm:1.11.3":
  version: 1.11.3
  resolution: "@emnapi/core@npm:1.11.3"
  dependencies:
    "@emnapi/wasi-threads": "npm:1.2.3"
    tslib: "npm:^2.4.0"
  checksum: 10c0/4ca08d349a82d5d2887ccc9e12df630877b0412ddcd59b9faee61e3c3947ccead27a18257a18bfe17abdf2b0709857808ad75d423ac49edd50c32fb140a7ed6e
  languageName: node
  linkType: hard

"@emnapi/runtime@npm:1.11.3":
  version: 1.11.3
  resolution: "@emnapi/runtime@npm:1.11.3"
  dependencies:
    tslib: "npm:^2.4.0"
  checksum: 10c0/a00f1020fefb9d4145c367f93a9fddb383a00da8ffd7871e20b19659890379b83aeecb9f84d7d0eda5456343f4a09eb05b0acb5153b0d3d889539dedb1ed87c3
  languageName: node
  linkType: hard

"@emnapi/wasi-threads@npm:1.2.3":
  version: 1.2.3
  resolution: "@emnapi/wasi-threads@npm:1.2.3"
  dependencies:
    tslib: "npm:^2.4.0"
  checksum: 10c0/5aed84bc5dbe867973b20406ca1ed95661a4892ecaef80378fdf2d37424b3f7b9c428df8a3e1d82b783a3345a530032bf049e699e1f113ea52203c3e9b4e6ce5
  languageName: node
  linkType: hard

"@napi-rs/wasm-runtime@npm:1.1.6":
  version: 1.1.6
  resolution: "@napi-rs/wasm-runtime@npm:1.1.6"
  dependencies:
    "@tybys/wasm-util": "npm:^0.10.3"
  peerDependencies:
    "@emnapi/core": ^1.7.1
    "@emnapi/runtime": ^1.7.1
  checksum: 10c0/344518bf3ef65051dda4c00969f293aa4a21ab7dc7822b3f48519b17cd5eaa3f0bc34898d115d50ba59b1817a0cb905d46f7a7223c8249239cd14c28db388e10
  languageName: node
  linkType: hard

"@prefresh/core@npm:^1.5.10":
  version: 1.5.10
  resolution: "@prefresh/core@npm:1.5.10"
  peerDependencies:
    preact: ^10.0.0 || ^11.0.0-0
  checksum: 10c0/61320c197b8075f0a2895b2cde75d9600b471b4241eb4a5855547fdef20298f732480e27522bb6e9ca64d47d645dd45717d9c0571446523c5b0701063c486c60
  languageName: node
  linkType: hard

"@prefresh/utils@npm:^1.2.1":
  version: 1.2.1
  resolution: "@prefresh/utils@npm:1.2.1"
  checksum: 10c0/d36bcc8995128ee9028e2c48cb7812c7736a0c8e228ded586de4595f587b239ec9daac2c82221a476ffd341412dbb62082d09f7191d3ee7f5d0b8a99a45f01a8
  languageName: node
  linkType: hard

"@rsbuild/core@npm:^2.1.10":
  version: 2.1.10
  resolution: "@rsbuild/core@npm:2.1.10"
  dependencies:
    "@rspack/core": "npm:~2.1.8"
    "@swc/helpers": "npm:^0.5.23"
  peerDependencies:
    core-js: ">= 3.0.0"
  peerDependenciesMeta:
    core-js:
      optional: true
  bin:
    rsbuild: ./bin/rsbuild.js
  checksum: 10c0/75a4aacb801af3a17f176bc880b507bca078e41795d70f9df252d6debd196ed78b23daf1517d1f14409cbeab8e471e1b141524b353c85b2addb6eb235ac21d8d
  languageName: node
  linkType: hard

"@rsbuild/plugin-preact@npm:^2.0.0":
  version: 2.0.0
  resolution: "@rsbuild/plugin-preact@npm:2.0.0"
  dependencies:
    "@prefresh/core": "npm:^1.5.10"
    "@prefresh/utils": "npm:^1.2.1"
    "@rspack/plugin-preact-refresh": "npm:^2.0.1"
    "@swc/plugin-prefresh": "npm:^12.12.0"
  peerDependencies:
    "@rsbuild/core": ^2.0.0
  peerDependenciesMeta:
    "@rsbuild/core":
      optional: true
  checksum: 10c0/53fedeb4cedd929593bd894125c613d2f0b26674cf1dc6d1a467d12156d63fbbef8bc941be412a5258b719a02677d583a16cf4c4c71a8ab6147ad72e25dedbc3
  languageName: node
  linkType: hard

"@rspack/binding-darwin-arm64@npm:2.1.8":
  version: 2.1.8
  resolution: "@rspack/binding-darwin-arm64@npm:2.1.8"
  conditions: os=darwin & cpu=arm64
  languageName: node
  linkType: hard

"@rspack/binding-darwin-x64@npm:2.1.8":
  version: 2.1.8
  resolution: "@rspack/binding-darwin-x64@npm:2.1.8"
  conditions: os=darwin & cpu=x64
  languageName: node
  linkType: hard

"@rspack/binding-linux-arm64-gnu@npm:2.1.8":
  version: 2.1.8
  resolution: "@rspack/binding-linux-arm64-gnu@npm:2.1.8"
  conditions: os=linux & cpu=arm64 & libc=glibc
  languageName: node
  linkType: hard

"@rspack/binding-linux-arm64-musl@npm:2.1.8":
  version: 2.1.8
  resolution: "@rspack/binding-linux-arm64-musl@npm:2.1.8"
  conditions: os=linux & cpu=arm64 & libc=musl
  languageName: node
  linkType: hard

"@rspack/binding-linux-riscv64-gnu@npm:2.1.8":
  version: 2.1.8
  resolution: "@rspack/binding-linux-riscv64-gnu@npm:2.1.8"
  conditions: os=linux & cpu=riscv64 & libc=glibc
  languageName: node
  linkType: hard

"@rspack/binding-linux-riscv64-musl@npm:2.1.8":
  version: 2.1.8
  resolution: "@rspack/binding-linux-riscv64-musl@npm:2.1.8"
  conditions: os=linux & cpu=riscv64 & libc=musl
  languageName: node
  linkType: hard

"@rspack/binding-linux-x64-gnu@npm:2.1.8":
  version: 2.1.8
  resolution: "@rspack/binding-linux-x64-gnu@npm:2.1.8"
  conditions: os=linux & cpu=x64 & libc=glibc
  languageName: node
  linkType: hard

"@rspack/binding-linux-x64-musl@npm:2.1.8":
  version: 2.1.8
  resolution: "@rspack/binding-linux-x64-musl@npm:2.1.8"
  conditions: os=linux & cpu=x64 & libc=musl
  languageName: node
  linkType: hard

"@rspack/binding-wasm32-wasi@npm:2.1.8":
  version: 2.1.8
  resolution: "@rspack/binding-wasm32-wasi@npm:2.1.8"
  dependencies:
    "@emnapi/core": "npm:1.11.3"
    "@emnapi/runtime": "npm:1.11.3"
    "@napi-rs/wasm-runtime": "npm:1.1.6"
  conditions: cpu=wasm32
  languageName: node
  linkType: hard

"@rspack/binding-win32-arm64-msvc@npm:2.1.8":
  version: 2.1.8
  resolution: "@rspack/binding-win32-arm64-msvc@npm:2.1.8"
  conditions: os=win32 & cpu=arm64
  languageName: node
  linkType: hard

"@rspack/binding-win32-ia32-msvc@npm:2.1.8":
  version: 2.1.8
  resolution: "@rspack/binding-win32-ia32-msvc@npm:2.1.8"
  conditions: os=win32 & cpu=ia32
  languageName: node
  linkType: hard

"@rspack/binding-win32-x64-msvc@npm:2.1.8":
  version: 2.1.8
  resolution: "@rspack/binding-win32-x64-msvc@npm:2.1.8"
  conditions: os=win32 & cpu=x64
  languageName: node
  linkType: hard

"@rspack/binding@npm:2.1.8":
  version: 2.1.8
  resolution: "@rspack/binding@npm:2.1.8"
  dependencies:
    "@rspack/binding-darwin-arm64": "npm:2.1.8"
    "@rspack/binding-darwin-x64": "npm:2.1.8"
    "@rspack/binding-linux-arm64-gnu": "npm:2.1.8"
    "@rspack/binding-linux-arm64-musl": "npm:2.1.8"
    "@rspack/binding-linux-riscv64-gnu": "npm:2.1.8"
    "@rspack/binding-linux-riscv64-musl": "npm:2.1.8"
    "@rspack/binding-linux-x64-gnu": "npm:2.1.8"
    "@rspack/binding-linux-x64-musl": "npm:2.1.8"
    "@rspack/binding-wasm32-wasi": "npm:2.1.8"
    "@rspack/binding-win32-arm64-msvc": "npm:2.1.8"
    "@rspack/binding-win32-ia32-msvc": "npm:2.1.8"
    "@rspack/binding-win32-x64-msvc": "npm:2.1.8"
  dependenciesMeta:
    "@rspack/binding-darwin-arm64":
      optional: true
    "@rspack/binding-darwin-x64":
      optional: true
    "@rspack/binding-linux-arm64-gnu":
      optional: true
    "@rspack/binding-linux-arm64-musl":
      optional: true
    "@rspack/binding-linux-riscv64-gnu":
      optional: true
    "@rspack/binding-linux-riscv64-musl":
      optional: true
    "@rspack/binding-linux-x64-gnu":
      optional: true
    "@rspack/binding-linux-x64-musl":
      optional: true
    "@rspack/binding-wasm32-wasi":
      optional: true
    "@rspack/binding-win32-arm64-msvc":
      optional: true
    "@rspack/binding-win32-ia32-msvc":
      optional: true
    "@rspack/binding-win32-x64-msvc":
      optional: true
  checksum: 10c0/3911200c3f81ce1beb42823b835a2e85730479cc4e74d9d8a00bf510aa1ad8d2e92f066ef7717a0526c2f17652adf74d00f09b5fef7a5ca42c3b4ed0bb124c7c
  languageName: node
  linkType: hard

"@rspack/core@npm:~2.1.8":
  version: 2.1.8
  resolution: "@rspack/core@npm:2.1.8"
  dependencies:
    "@rspack/binding": "npm:2.1.8"
  peerDependencies:
    "@module-federation/runtime-tools": ^0.24.1 || ^2.0.0
    "@swc/helpers": ^0.5.23
  peerDependenciesMeta:
    "@module-federation/runtime-tools":
      optional: true
    "@swc/helpers":
      optional: true
  checksum: 10c0/c43805e91301ccef48f38f45cda9a34165dca3ba2e7ed9b388dde5c82b770978621f4f7f1a6e4ac2091eb6efea77ffce4e5a3de8c7b8d572e09967cef0ae0230
  languageName: node
  linkType: hard

"@rspack/plugin-preact-refresh@npm:^2.0.1":
  version: 2.0.1
  resolution: "@rspack/plugin-preact-refresh@npm:2.0.1"
  peerDependencies:
    "@prefresh/core": ^1.5.0
    "@prefresh/utils": ^1.2.0
    "@rspack/core": ^2.0.0
  peerDependenciesMeta:
    "@rspack/core":
      optional: true
  checksum: 10c0/fdae9de6d8580d63294a15160dd4b497751b4cf8563a533ff6aaf6acef64306aed4f891e9081d4d89fc5e789baffb198df5de3f2d3f20a70dbf17ae2e892a31a
  languageName: node
  linkType: hard

"@shalecss/core@npm:*":
  version: 0.0.3
  resolution: "@shalecss/core@npm:0.0.3"
  checksum: 10c0/9f3e12f06c4654be8c04b3b8b76701f8709867f0abe394b3e94ef92c7a9b61d1d3c66849f76f1b39e6fba0a36f59bd03ff80df320748a84a5892925add72c891
  languageName: node
  linkType: hard

"@shalecss/react@npm:^0.0.3":
  version: 0.0.3
  resolution: "@shalecss/react@npm:0.0.3"
  dependencies:
    "@shalecss/core": "npm:*"
  peerDependencies:
    react: "*"
    react-dom: "*"
  checksum: 10c0/709b4aec1b91e5dfaab67dbe0424fcaba07077a17394ffbb0f17d9c25586b50cb1054c019912f65c999358af3af35bcec1f0aa2bf15a03f37fba7703ffbc99d6
  languageName: node
  linkType: hard

"@swc/counter@npm:^0.1.3":
  version: 0.1.3
  resolution: "@swc/counter@npm:0.1.3"
  checksum: 10c0/8424f60f6bf8694cfd2a9bca45845bce29f26105cda8cf19cdb9fd3e78dc6338699e4db77a89ae449260bafa1cc6bec307e81e7fb96dbf7dcfce0eea55151356
  languageName: node
  linkType: hard

"@swc/helpers@npm:^0.5.23":
  version: 0.5.23
  resolution: "@swc/helpers@npm:0.5.23"
  dependencies:
    tslib: "npm:^2.8.0"
  checksum: 10c0/02da7b4df465693933ecd4851cc193ec729c309939c8a84eccae5ec0010aafc3894e713b8ef8d13a6ba401759f0e900c88e2dcfef5872c27bb91e70f73275cce
  languageName: node
  linkType: hard

"@swc/plugin-prefresh@npm:^12.12.0":
  version: 12.15.0
  resolution: "@swc/plugin-prefresh@npm:12.15.0"
  dependencies:
    "@swc/counter": "npm:^0.1.3"
  checksum: 10c0/27afa0dbdf0f7b91cc07ae1c1ac3de0c74916a5ac7ac8dc68062ab7da384053d483b9fa9095f9de9045d3afcb4acade8bbf69981bbb9adf1f28cd1fb8252e34b
  languageName: node
  linkType: hard

"@tybys/wasm-util@npm:^0.10.3":
  version: 0.10.3
  resolution: "@tybys/wasm-util@npm:0.10.3"
  dependencies:
    tslib: "npm:^2.4.0"
  checksum: 10c0/fd2bd2a79c6cd8c79ed1cf7a0fa375c64589264c88a27acaf9756d556b453ea222b62a4f68dd2fbb8b3a78b6bab3b1f4fb2431b6afc6aeda8344b53a521a1cd3
  languageName: node
  linkType: hard

"@types/trusted-types@npm:^2.0.7":
  version: 2.0.7
  resolution: "@types/trusted-types@npm:2.0.7"
  checksum: 10c0/4c4855f10de7c6c135e0d32ce462419d8abbbc33713b31d294596c0cc34ae1fa6112a2f9da729c8f7a20707782b0d69da3b1f8df6645b0366d08825ca1522e0c
  languageName: node
  linkType: hard

"@typescript/typescript-aix-ppc64@npm:7.0.2":
  version: 7.0.2
  resolution: "@typescript/typescript-aix-ppc64@npm:7.0.2"
  conditions: os=aix & cpu=ppc64
  languageName: node
  linkType: hard

"@typescript/typescript-darwin-arm64@npm:7.0.2":
  version: 7.0.2
  resolution: "@typescript/typescript-darwin-arm64@npm:7.0.2"
  conditions: os=darwin & cpu=arm64
  languageName: node
  linkType: hard

"@typescript/typescript-darwin-x64@npm:7.0.2":
  version: 7.0.2
  resolution: "@typescript/typescript-darwin-x64@npm:7.0.2"
  conditions: os=darwin & cpu=x64
  languageName: node
  linkType: hard

"@typescript/typescript-freebsd-arm64@npm:7.0.2":
  version: 7.0.2
  resolution: "@typescript/typescript-freebsd-arm64@npm:7.0.2"
  conditions: os=freebsd & cpu=arm64
  languageName: node
  linkType: hard

"@typescript/typescript-freebsd-x64@npm:7.0.2":
  version: 7.0.2
  resolution: "@typescript/typescript-freebsd-x64@npm:7.0.2"
  conditions: os=freebsd & cpu=x64
  languageName: node
  linkType: hard

"@typescript/typescript-linux-arm64@npm:7.0.2":
  version: 7.0.2
  resolution: "@typescript/typescript-linux-arm64@npm:7.0.2"
  conditions: os=linux & cpu=arm64
  languageName: node
  linkType: hard

"@typescript/typescript-linux-arm@npm:7.0.2":
  version: 7.0.2
  resolution: "@typescript/typescript-linux-arm@npm:7.0.2"
  conditions: os=linux & cpu=arm
  languageName: node
  linkType: hard

"@typescript/typescript-linux-loong64@npm:7.0.2":
  version: 7.0.2
  resolution: "@typescript/typescript-linux-loong64@npm:7.0.2"
  conditions: os=linux & cpu=loong64
  languageName: node
  linkType: hard

"@typescript/typescript-linux-mips64el@npm:7.0.2":
  version: 7.0.2
  resolution: "@typescript/typescript-linux-mips64el@npm:7.0.2"
  conditions: os=linux & cpu=mips64el
  languageName: node
  linkType: hard

"@typescript/typescript-linux-ppc64@npm:7.0.2":
  version: 7.0.2
  resolution: "@typescript/typescript-linux-ppc64@npm:7.0.2"
  conditions: os=linux & cpu=ppc64
  languageName: node
  linkType: hard

"@typescript/typescript-linux-riscv64@npm:7.0.2":
  version: 7.0.2
  resolution: "@typescript/typescript-linux-riscv64@npm:7.0.2"
  conditions: os=linux & cpu=riscv64
  languageName: node
  linkType: hard

"@typescript/typescript-linux-s390x@npm:7.0.2":
  version: 7.0.2
  resolution: "@typescript/typescript-linux-s390x@npm:7.0.2"
  conditions: os=linux & cpu=s390x
  languageName: node
  linkType: hard

"@typescript/typescript-linux-x64@npm:7.0.2":
  version: 7.0.2
  resolution: "@typescript/typescript-linux-x64@npm:7.0.2"
  conditions: os=linux & cpu=x64
  languageName: node
  linkType: hard

"@typescript/typescript-netbsd-arm64@npm:7.0.2":
  version: 7.0.2
  resolution: "@typescript/typescript-netbsd-arm64@npm:7.0.2"
  conditions: os=netbsd & cpu=arm64
  languageName: node
  linkType: hard

"@typescript/typescript-netbsd-x64@npm:7.0.2":
  version: 7.0.2
  resolution: "@typescript/typescript-netbsd-x64@npm:7.0.2"
  conditions: os=netbsd & cpu=x64
  languageName: node
  linkType: hard

"@typescript/typescript-openbsd-arm64@npm:7.0.2":
  version: 7.0.2
  resolution: "@typescript/typescript-openbsd-arm64@npm:7.0.2"
  conditions: os=openbsd & cpu=arm64
  languageName: node
  linkType: hard

"@typescript/typescript-openbsd-x64@npm:7.0.2":
  version: 7.0.2
  resolution: "@typescript/typescript-openbsd-x64@npm:7.0.2"
  conditions: os=openbsd & cpu=x64
  languageName: node
  linkType: hard

"@typescript/typescript-sunos-x64@npm:7.0.2":
  version: 7.0.2
  resolution: "@typescript/typescript-sunos-x64@npm:7.0.2"
  conditions: os=sunos & cpu=x64
  languageName: node
  linkType: hard

"@typescript/typescript-win32-arm64@npm:7.0.2":
  version: 7.0.2
  resolution: "@typescript/typescript-win32-arm64@npm:7.0.2"
  conditions: os=win32 & cpu=arm64
  languageName: node
  linkType: hard

"@typescript/typescript-win32-x64@npm:7.0.2":
  version: 7.0.2
  resolution: "@typescript/typescript-win32-x64@npm:7.0.2"
  conditions: os=win32 & cpu=x64
  languageName: node
  linkType: hard

"dompurify@npm:^3.4.13":
  version: 3.4.13
  resolution: "dompurify@npm:3.4.13"
  dependencies:
    "@types/trusted-types": "npm:^2.0.7"
  dependenciesMeta:
    "@types/trusted-types":
      optional: true
  checksum: 10c0/9c2a1a71e1a1d8b77953db7a39ffc935ef4ed4f10fe40770232128c2cbfd4c3dc677d3d7bae51eb24cc52d9ff3548612dc540ecb4343e89b26e809d2be2e0cfe
  languageName: node
  linkType: hard

"marked@npm:^18.0.9":
  version: 18.0.9
  resolution: "marked@npm:18.0.9"
  bin:
    marked: bin/marked.js
  checksum: 10c0/2fec6c41a8a18f0d9aa6750cd71d8baa7c1abd371e84b04784b735dddf1e581e04bfb37adadeffdb53a3a9e07b1905ab3231cfdf199cc0324edf7b861e3acc46
  languageName: node
  linkType: hard

"preact@npm:^10.29.8":
  version: 10.29.8
  resolution: "preact@npm:10.29.8"
  peerDependencies:
    preact-render-to-string: ">=5"
  peerDependenciesMeta:
    preact-render-to-string:
      optional: true
  checksum: 10c0/505460352139e0ce5b9c971b69d8d9f3b73ea0f316e3ff1c0b3db9a1abe206c9dff6ba385eb796253c38fcc08b5ade70cd8da3d9d6c9e9aec1a2fd59348253ae
  languageName: node
  linkType: hard

"tslib@npm:^2.4.0, tslib@npm:^2.8.0":
  version: 2.8.1
  resolution: "tslib@npm:2.8.1"
  checksum: 10c0/9c4759110a19c53f992d9aae23aac5ced636e99887b51b9e61def52611732872ff7668757d4e4c61f19691e36f4da981cd9485e869b4a7408d689f6bf1f14e62
  languageName: node
  linkType: hard

"typescript@npm:^7.0.2":
  version: 7.0.2
  resolution: "typescript@npm:7.0.2"
  dependencies:
    "@typescript/typescript-aix-ppc64": "npm:7.0.2"
    "@typescript/typescript-darwin-arm64": "npm:7.0.2"
    "@typescript/typescript-darwin-x64": "npm:7.0.2"
    "@typescript/typescript-freebsd-arm64": "npm:7.0.2"
    "@typescript/typescript-freebsd-x64": "npm:7.0.2"
    "@typescript/typescript-linux-arm": "npm:7.0.2"
    "@typescript/typescript-linux-arm64": "npm:7.0.2"
    "@typescript/typescript-linux-loong64": "npm:7.0.2"
    "@typescript/typescript-linux-mips64el": "npm:7.0.2"
    "@typescript/typescript-linux-ppc64": "npm:7.0.2"
    "@typescript/typescript-linux-riscv64": "npm:7.0.2"
    "@typescript/typescript-linux-s390x": "npm:7.0.2"
    "@typescript/typescript-linux-x64": "npm:7.0.2"
    "@typescript/typescript-netbsd-arm64": "npm:7.0.2"
    "@typescript/typescript-netbsd-x64": "npm:7.0.2"
    "@typescript/typescript-openbsd-arm64": "npm:7.0.2"
    "@typescript/typescript-openbsd-x64": "npm:7.0.2"
    "@typescript/typescript-sunos-x64": "npm:7.0.2"
    "@typescript/typescript-win32-arm64": "npm:7.0.2"
    "@typescript/typescript-win32-x64": "npm:7.0.2"
  dependenciesMeta:
    "@typescript/typescript-aix-ppc64":
      optional: true
    "@typescript/typescript-darwin-arm64":
      optional: true
    "@typescript/typescript-darwin-x64":
      optional: true
    "@typescript/typescript-freebsd-arm64":
      optional: true
    "@typescript/typescript-freebsd-x64":
      optional: true
    "@typescript/typescript-linux-arm":
      optional: true
    "@typescript/typescript-linux-arm64":
      optional: true
    "@typescript/typescript-linux-loong64":
      optional: true
    "@typescript/typescript-linux-mips64el":
      optional: true
    "@typescript/typescript-linux-ppc64":
      optional: true
    "@typescript/typescript-linux-riscv64":
      optional: true
    "@typescript/typescript-linux-s390x":
      optional: true
    "@typescript/typescript-linux-x64":
      optional: true
    "@typescript/typescript-netbsd-arm64":
      optional: true
    "@typescript/typescript-netbsd-x64":
      optional: true
    "@typescript/typescript-openbsd-arm64":
      optional: true
    "@typescript/typescript-openbsd-x64":
      optional: true
    "@typescript/typescript-sunos-x64":
      optional: true
    "@typescript/typescript-win32-arm64":
      optional: true
    "@typescript/typescript-win32-x64":
      optional: true
  bin:
    tsc: bin/tsc
  checksum: 10c0/3dcee51ec8c332492325bcdbf7df48b66668751f127e622ae7d41b6c716eb19184424a45e14f7750f50f340232388b69e6287859155f06a5ce2df76f12cb31cf
  languageName: node
  linkType: hard

"typescript@patch:typescript@npm%3A^7.0.2#optional!builtin<compat/typescript>":
  version: 7.0.2
  resolution: "typescript@patch:typescript@npm%3A7.0.2#optional!builtin<compat/typescript>::version=7.0.2&hash=3bafbf"
  dependencies:
    "@typescript/typescript-aix-ppc64": "npm:7.0.2"
    "@typescript/typescript-darwin-arm64": "npm:7.0.2"
    "@typescript/typescript-darwin-x64": "npm:7.0.2"
    "@typescript/typescript-freebsd-arm64": "npm:7.0.2"
    "@typescript/typescript-freebsd-x64": "npm:7.0.2"
    "@typescript/typescript-linux-arm": "npm:7.0.2"
    "@typescript/typescript-linux-arm64": "npm:7.0.2"
    "@typescript/typescript-linux-loong64": "npm:7.0.2"
    "@typescript/typescript-linux-mips64el": "npm:7.0.2"
    "@typescript/typescript-linux-ppc64": "npm:7.0.2"
    "@typescript/typescript-linux-riscv64": "npm:7.0.2"
    "@typescript/typescript-linux-s390x": "npm:7.0.2"
    "@typescript/typescript-linux-x64": "npm:7.0.2"
    "@typescript/typescript-netbsd-arm64": "npm:7.0.2"
    "@typescript/typescript-netbsd-x64": "npm:7.0.2"
    "@typescript/typescript-openbsd-arm64": "npm:7.0.2"
    "@typescript/typescript-openbsd-x64": "npm:7.0.2"
    "@typescript/typescript-sunos-x64": "npm:7.0.2"
    "@typescript/typescript-win32-arm64": "npm:7.0.2"
    "@typescript/typescript-win32-x64": "npm:7.0.2"
  dependenciesMeta:
    "@typescript/typescript-aix-ppc64":
      optional: true
    "@typescript/typescript-darwin-arm64":
      optional: true
    "@typescript/typescript-darwin-x64":
      optional: true
    "@typescript/typescript-freebsd-arm64":
      optional: true
    "@typescript/typescript-freebsd-x64":
      optional: true
    "@typescript/typescript-linux-arm":
      optional: true
    "@typescript/typescript-linux-arm64":
      optional: true
    "@typescript/typescript-linux-loong64":
      optional: true
    "@typescript/typescript-linux-mips64el":
      optional: true
    "@typescript/typescript-linux-ppc64":
      optional: true
    "@typescript/typescript-linux-riscv64":
      optional: true
    "@typescript/typescript-linux-s390x":
      optional: true
    "@typescript/typescript-linux-x64":
      optional: true
    "@typescript/typescript-netbsd-arm64":
      optional: true
    "@typescript/typescript-netbsd-x64":
      optional: true
    "@typescript/typescript-openbsd-arm64":
      optional: true
    "@typescript/typescript-openbsd-x64":
      optional: true
    "@typescript/typescript-sunos-x64":
      optional: true
    "@typescript/typescript-win32-arm64":
      optional: true
    "@typescript/typescript-win32-x64":
      optional: true
  bin:
    tsc: bin/tsc
  checksum: 10c0/6b3cdc369cd829d46e00734ea64233ee84419c2825ad8fe408915adde77abced4b7a2401f7eed517d54a7a4f5d1c1869753cb99018df1c2159c761d9f33483a6
  languageName: node
  linkType: hard

"utilpanel@workspace:.":
  version: 0.0.0-use.local
  resolution: "utilpanel@workspace:."
  dependencies:
    "@biomejs/biome": "npm:2.5.7"
    "@rsbuild/core": "npm:^2.1.10"
    "@rsbuild/plugin-preact": "npm:^2.0.0"
    "@shalecss/react": "npm:^0.0.3"
    dompurify: "npm:^3.4.13"
    marked: "npm:^18.0.9"
    preact: "npm:^10.29.8"
    typescript: "npm:^7.0.2"
  languageName: unknown
  linkType: soft
